// !$*UTF8*$!
{
	archiveVersion = 1;
	classes = {
	};
	objectVersion = 50;
	objects = {

/* Begin PBXBuildFile section */
		9CF77D0F20CD91D800F9F335 /* CoreDataController.swift in Sources */ = {isa = PBXBuildFile; fileRef = 9CF77D0E20CD91D800F9F335 /* CoreDataController.swift */; };
		9CF77D1120CD9F9800F9F335 /* CategoriesViewController.swift in Sources */ = {isa = PBXBuildFile; fileRef = 9CF77D1020CD9F9800F9F335 /* CategoriesViewController.swift */; };
		9CF77D1E20CDA27100F9F335 /* Spending+CoreDataProperties.swift in Sources */ = {isa = PBXBuildFile; fileRef = 9CF77D1A20CDA27000F9F335 /* Spending+CoreDataProperties.swift */; };
		9CF77D1F20CDA27100F9F335 /* Category+CoreDataProperties.swift in Sources */ = {isa = PBXBuildFile; fileRef = 9CF77D1B20CDA27100F9F335 /* Category+CoreDataProperties.swift */; };
		9CF77D2020CDA27100F9F335 /* Category+CoreDataClass.swift in Sources */ = {isa = PBXBuildFile; fileRef = 9CF77D1C20CDA27100F9F335 /* Category+CoreDataClass.swift */; };
		9CF77D2120CDA27100F9F335 /* Spending+CoreDataClass.swift in Sources */ = {isa = PBXBuildFile; fileRef = 9CF77D1D20CDA27100F9F335 /* Spending+CoreDataClass.swift */; };
		BAC3D65B20C3D46E0036FFDD /* SnapKit.framework in Frameworks */ = {isa = PBXBuildFile; fileRef = BAC3D65A20C3D46E0036FFDD /* SnapKit.framework */; };
		BAC3D65E20C3F9E60036FFDD /* BudgeteeTests.swift in Sources */ = {isa = PBXBuildFile; fileRef = BAC3D65D20C3F9E60036FFDD /* BudgeteeTests.swift */; };
		BAC3D66020C3FB6C0036FFDD /* BudgeteeTests.swift in Sources */ = {isa = PBXBuildFile; fileRef = BAC3D65F20C3FB6C0036FFDD /* BudgeteeTests.swift */; };
		BAD74BDE20BC969C004F4DED /* AppDelegate.swift in Sources */ = {isa = PBXBuildFile; fileRef = BAD74BDD20BC969C004F4DED /* AppDelegate.swift */; };
		BAD74BE020BC969C004F4DED /* MainViewController.swift in Sources */ = {isa = PBXBuildFile; fileRef = BAD74BDF20BC969C004F4DED /* MainViewController.swift */; };
		BAD74BE620BC969C004F4DED /* Budgetee.xcdatamodeld in Sources */ = {isa = PBXBuildFile; fileRef = BAD74BE420BC969C004F4DED /* Budgetee.xcdatamodeld */; };
		BAD74BE820BC969D004F4DED /* Assets.xcassets in Resources */ = {isa = PBXBuildFile; fileRef = BAD74BE720BC969D004F4DED /* Assets.xcassets */; };
		BAD74BEB20BC969D004F4DED /* LaunchScreen.storyboard in Resources */ = {isa = PBXBuildFile; fileRef = BAD74BE920BC969D004F4DED /* LaunchScreen.storyboard */; };
/* End PBXBuildFile section */

/* Begin PBXContainerItemProxy section */
		BAD74BF220BC969E004F4DED /* PBXContainerItemProxy */ = {
			isa = PBXContainerItemProxy;
			containerPortal = BAD74BD220BC969C004F4DED /* Project object */;
			proxyType = 1;
			remoteGlobalIDString = BAD74BD920BC969C004F4DED;
			remoteInfo = Budgetee;
		};
		BAD74BFD20BC969E004F4DED /* PBXContainerItemProxy */ = {
			isa = PBXContainerItemProxy;
			containerPortal = BAD74BD220BC969C004F4DED /* Project object */;
			proxyType = 1;
			remoteGlobalIDString = BAD74BD920BC969C004F4DED;
			remoteInfo = Budgetee;
		};
/* End PBXContainerItemProxy section */

/* Begin PBXFileReference section */
		9CF77D0E20CD91D800F9F335 /* CoreDataController.swift */ = {isa = PBXFileReference; lastKnownFileType = sourcecode.swift; path = CoreDataController.swift; sourceTree = "<group>"; };
		9CF77D1020CD9F9800F9F335 /* CategoriesViewController.swift */ = {isa = PBXFileReference; lastKnownFileType = sourcecode.swift; path = CategoriesViewController.swift; sourceTree = "<group>"; };
		9CF77D1A20CDA27000F9F335 /* Spending+CoreDataProperties.swift */ = {isa = PBXFileReference; fileEncoding = 4; lastKnownFileType = sourcecode.swift; path = "Spending+CoreDataProperties.swift"; sourceTree = "<group>"; };
		9CF77D1B20CDA27100F9F335 /* Category+CoreDataProperties.swift */ = {isa = PBXFileReference; fileEncoding = 4; lastKnownFileType = sourcecode.swift; path = "Category+CoreDataProperties.swift"; sourceTree = "<group>"; };
		9CF77D1C20CDA27100F9F335 /* Category+CoreDataClass.swift */ = {isa = PBXFileReference; fileEncoding = 4; lastKnownFileType = sourcecode.swift; path = "Category+CoreDataClass.swift"; sourceTree = "<group>"; };
		9CF77D1D20CDA27100F9F335 /* Spending+CoreDataClass.swift */ = {isa = PBXFileReference; fileEncoding = 4; lastKnownFileType = sourcecode.swift; path = "Spending+CoreDataClass.swift"; sourceTree = "<group>"; };
		BAC3D65A20C3D46E0036FFDD /* SnapKit.framework */ = {isa = PBXFileReference; lastKnownFileType = wrapper.framework; name = SnapKit.framework; path = Carthage/Build/iOS/SnapKit.framework; sourceTree = "<group>"; };
		BAC3D65D20C3F9E60036FFDD /* BudgeteeTests.swift */ = {isa = PBXFileReference; lastKnownFileType = sourcecode.swift; path = BudgeteeTests.swift; sourceTree = "<group>"; };
		BAC3D65F20C3FB6C0036FFDD /* BudgeteeTests.swift */ = {isa = PBXFileReference; lastKnownFileType = sourcecode.swift; path = BudgeteeTests.swift; sourceTree = "<group>"; };
		BAD74BDA20BC969C004F4DED /* Budgetee.app */ = {isa = PBXFileReference; explicitFileType = wrapper.application; includeInIndex = 0; path = Budgetee.app; sourceTree = BUILT_PRODUCTS_DIR; };
		BAD74BDD20BC969C004F4DED /* AppDelegate.swift */ = {isa = PBXFileReference; lastKnownFileType = sourcecode.swift; path = AppDelegate.swift; sourceTree = "<group>"; wrapsLines = 1; };
		BAD74BDF20BC969C004F4DED /* MainViewController.swift */ = {isa = PBXFileReference; lastKnownFileType = sourcecode.swift; path = MainViewController.swift; sourceTree = "<group>"; };
		BAD74BE520BC969C004F4DED /* Budgetee.xcdatamodel */ = {isa = PBXFileReference; lastKnownFileType = wrapper.xcdatamodel; path = Budgetee.xcdatamodel; sourceTree = "<group>"; };
		BAD74BE720BC969D004F4DED /* Assets.xcassets */ = {isa = PBXFileReference; lastKnownFileType = folder.assetcatalog; path = Assets.xcassets; sourceTree = "<group>"; };
		BAD74BEA20BC969D004F4DED /* Base */ = {isa = PBXFileReference; lastKnownFileType = file.storyboard; name = Base; path = Base.lproj/LaunchScreen.storyboard; sourceTree = "<group>"; };
		BAD74BEC20BC969D004F4DED /* Info.plist */ = {isa = PBXFileReference; lastKnownFileType = text.plist.xml; path = Info.plist; sourceTree = "<group>"; };
		BAD74BF120BC969E004F4DED /* BudgeteeTests.xctest */ = {isa = PBXFileReference; explicitFileType = wrapper.cfbundle; includeInIndex = 0; path = BudgeteeTests.xctest; sourceTree = BUILT_PRODUCTS_DIR; };
		BAD74BF720BC969E004F4DED /* Info.plist */ = {isa = PBXFileReference; lastKnownFileType = text.plist.xml; path = Info.plist; sourceTree = "<group>"; };
		BAD74BFC20BC969E004F4DED /* BudgeteeUITests.xctest */ = {isa = PBXFileReference; explicitFileType = wrapper.cfbundle; includeInIndex = 0; path = BudgeteeUITests.xctest; sourceTree = BUILT_PRODUCTS_DIR; };
		BAD74C0220BC969E004F4DED /* Info.plist */ = {isa = PBXFileReference; lastKnownFileType = text.plist.xml; path = Info.plist; sourceTree = "<group>"; };
/* End PBXFileReference section */

/* Begin PBXFrameworksBuildPhase section */
		BAD74BD720BC969C004F4DED /* Frameworks */ = {
			isa = PBXFrameworksBuildPhase;
			buildActionMask = 2147483647;
			files = (
				BAC3D65B20C3D46E0036FFDD /* SnapKit.framework in Frameworks */,
			);
			runOnlyForDeploymentPostprocessing = 0;
		};
		BAD74BEE20BC969E004F4DED /* Frameworks */ = {
			isa = PBXFrameworksBuildPhase;
			buildActionMask = 2147483647;
			files = (
			);
			runOnlyForDeploymentPostprocessing = 0;
		};
		BAD74BF920BC969E004F4DED /* Frameworks */ = {
			isa = PBXFrameworksBuildPhase;
			buildActionMask = 2147483647;
			files = (
			);
			runOnlyForDeploymentPostprocessing = 0;
		};
/* End PBXFrameworksBuildPhase section */

/* Begin PBXGroup section */
		9CF77D0520CD8AF600F9F335 /* Models */ = {
			isa = PBXGroup;
			children = (
				9CF77D1C20CDA27100F9F335 /* Category+CoreDataClass.swift */,
				9CF77D1B20CDA27100F9F335 /* Category+CoreDataProperties.swift */,
				9CF77D1D20CDA27100F9F335 /* Spending+CoreDataClass.swift */,
				9CF77D1A20CDA27000F9F335 /* Spending+CoreDataProperties.swift */,
			);
			name = Models;
			sourceTree = "<group>";
		};
		BAC3D65920C3D46D0036FFDD /* Frameworks */ = {
			isa = PBXGroup;
			children = (
				BAC3D65A20C3D46E0036FFDD /* SnapKit.framework */,
			);
			name = Frameworks;
			sourceTree = "<group>";
		};
		BAD74BD120BC969C004F4DED = {
			isa = PBXGroup;
			children = (
				BAD74BDC20BC969C004F4DED /* Budgetee */,
				BAD74BF420BC969E004F4DED /* BudgeteeTests */,
				BAD74BFF20BC969E004F4DED /* BudgeteeUITests */,
				BAD74BDB20BC969C004F4DED /* Products */,
				BAC3D65920C3D46D0036FFDD /* Frameworks */,
			);
			sourceTree = "<group>";
		};
		BAD74BDB20BC969C004F4DED /* Products */ = {
			isa = PBXGroup;
			children = (
				BAD74BDA20BC969C004F4DED /* Budgetee.app */,
				BAD74BF120BC969E004F4DED /* BudgeteeTests.xctest */,
				BAD74BFC20BC969E004F4DED /* BudgeteeUITests.xctest */,
			);
			name = Products;
			sourceTree = "<group>";
		};
		BAD74BDC20BC969C004F4DED /* Budgetee */ = {
			isa = PBXGroup;
			children = (
				9CF77D0520CD8AF600F9F335 /* Models */,
				BAD74BDD20BC969C004F4DED /* AppDelegate.swift */,
				BAD74BDF20BC969C004F4DED /* MainViewController.swift */,
				9CF77D1020CD9F9800F9F335 /* CategoriesViewController.swift */,
				9CF77D0E20CD91D800F9F335 /* CoreDataController.swift */,
				BAD74BE720BC969D004F4DED /* Assets.xcassets */,
				BAD74BE920BC969D004F4DED /* LaunchScreen.storyboard */,
				BAD74BEC20BC969D004F4DED /* Info.plist */,
				BAD74BE420BC969C004F4DED /* Budgetee.xcdatamodeld */,
			);
			path = Budgetee;
			sourceTree = "<group>";
		};
		BAD74BF420BC969E004F4DED /* BudgeteeTests */ = {
			isa = PBXGroup;
			children = (
				BAD74BF720BC969E004F4DED /* Info.plist */,
				BAC3D65D20C3F9E60036FFDD /* BudgeteeTests.swift */,
			);
			path = BudgeteeTests;
			sourceTree = "<group>";
		};
		BAD74BFF20BC969E004F4DED /* BudgeteeUITests */ = {
			isa = PBXGroup;
			children = (
				BAD74C0220BC969E004F4DED /* Info.plist */,
				BAC3D65F20C3FB6C0036FFDD /* BudgeteeTests.swift */,
			);
			path = BudgeteeUITests;
			sourceTree = "<group>";
		};
/* End PBXGroup section */

/* Begin PBXNativeTarget section */
		BAD74BD920BC969C004F4DED /* Budgetee */ = {
			isa = PBXNativeTarget;
			buildConfigurationList = BAD74C0520BC969E004F4DED /* Build configuration list for PBXNativeTarget "Budgetee" */;
			buildPhases = (
				BAD74BD620BC969C004F4DED /* Sources */,
				BAD74BD720BC969C004F4DED /* Frameworks */,
				BAD74BD820BC969C004F4DED /* Resources */,
				BAAE010B20BD919A00D8C8CF /* ShellScript */,
				BAC3D65C20C3D9540036FFDD /* ShellScript */,
			);
			buildRules = (
			);
			dependencies = (
			);
			name = Budgetee;
			productName = Budgetee;
			productReference = BAD74BDA20BC969C004F4DED /* Budgetee.app */;
			productType = "com.apple.product-type.application";
		};
		BAD74BF020BC969E004F4DED /* BudgeteeTests */ = {
			isa = PBXNativeTarget;
			buildConfigurationList = BAD74C0820BC969E004F4DED /* Build configuration list for PBXNativeTarget "BudgeteeTests" */;
			buildPhases = (
				BAD74BED20BC969E004F4DED /* Sources */,
				BAD74BEE20BC969E004F4DED /* Frameworks */,
				BAD74BEF20BC969E004F4DED /* Resources */,
			);
			buildRules = (
			);
			dependencies = (
				BAD74BF320BC969E004F4DED /* PBXTargetDependency */,
			);
			name = BudgeteeTests;
			productName = BudgeteeTests;
			productReference = BAD74BF120BC969E004F4DED /* BudgeteeTests.xctest */;
			productType = "com.apple.product-type.bundle.unit-test";
		};
		BAD74BFB20BC969E004F4DED /* BudgeteeUITests */ = {
			isa = PBXNativeTarget;
			buildConfigurationList = BAD74C0B20BC969E004F4DED /* Build configuration list for PBXNativeTarget "BudgeteeUITests" */;
			buildPhases = (
				BAD74BF820BC969E004F4DED /* Sources */,
				BAD74BF920BC969E004F4DED /* Frameworks */,
				BAD74BFA20BC969E004F4DED /* Resources */,
			);
			buildRules = (
			);
			dependencies = (
				BAD74BFE20BC969E004F4DED /* PBXTargetDependency */,
			);
			name = BudgeteeUITests;
			productName = BudgeteeUITests;
			productReference = BAD74BFC20BC969E004F4DED /* BudgeteeUITests.xctest */;
			productType = "com.apple.product-type.bundle.ui-testing";
		};
/* End PBXNativeTarget section */

/* Begin PBXProject section */
		BAD74BD220BC969C004F4DED /* Project object */ = {
			isa = PBXProject;
			attributes = {
				LastSwiftUpdateCheck = 0930;
				LastUpgradeCheck = 0930;
				ORGANIZATIONNAME = Kravtsov;
				TargetAttributes = {
					BAD74BD920BC969C004F4DED = {
						CreatedOnToolsVersion = 9.3.1;
						LastSwiftMigration = 1000;
					};
					BAD74BF020BC969E004F4DED = {
						CreatedOnToolsVersion = 9.3.1;
						LastSwiftMigration = 1000;
						TestTargetID = BAD74BD920BC969C004F4DED;
					};
					BAD74BFB20BC969E004F4DED = {
						CreatedOnToolsVersion = 9.3.1;
						LastSwiftMigration = 1000;
						TestTargetID = BAD74BD920BC969C004F4DED;
					};
				};
			};
			buildConfigurationList = BAD74BD520BC969C004F4DED /* Build configuration list for PBXProject "Budgetee" */;
			compatibilityVersion = "Xcode 9.3";
			developmentRegion = en;
			hasScannedForEncodings = 0;
			knownRegions = (
				en,
				Base,
			);
			mainGroup = BAD74BD120BC969C004F4DED;
			productRefGroup = BAD74BDB20BC969C004F4DED /* Products */;
			projectDirPath = "";
			projectRoot = "";
			targets = (
				BAD74BD920BC969C004F4DED /* Budgetee */,
				BAD74BF020BC969E004F4DED /* BudgeteeTests */,
				BAD74BFB20BC969E004F4DED /* BudgeteeUITests */,
			);
		};
/* End PBXProject section */

/* Begin PBXResourcesBuildPhase section */
		BAD74BD820BC969C004F4DED /* Resources */ = {
			isa = PBXResourcesBuildPhase;
			buildActionMask = 2147483647;
			files = (
				BAD74BEB20BC969D004F4DED /* LaunchScreen.storyboard in Resources */,
				BAD74BE820BC969D004F4DED /* Assets.xcassets in Resources */,
			);
			runOnlyForDeploymentPostprocessing = 0;
		};
		BAD74BEF20BC969E004F4DED /* Resources */ = {
			isa = PBXResourcesBuildPhase;
			buildActionMask = 2147483647;
			files = (
			);
			runOnlyForDeploymentPostprocessing = 0;
		};
		BAD74BFA20BC969E004F4DED /* Resources */ = {
			isa = PBXResourcesBuildPhase;
			buildActionMask = 2147483647;
			files = (
			);
			runOnlyForDeploymentPostprocessing = 0;
		};
/* End PBXResourcesBuildPhase section */

/* Begin PBXShellScriptBuildPhase section */
		BAAE010B20BD919A00D8C8CF /* ShellScript */ = {
			isa = PBXShellScriptBuildPhase;
			buildActionMask = 2147483647;
			files = (
			);
			inputPaths = (
			);
			outputPaths = (
			);
			runOnlyForDeploymentPostprocessing = 0;
			shellPath = /bin/sh;
			shellScript = "if which swiftlint >/dev/null; then\nswiftlint\nelse\necho \"warning: SwiftLint not installed, download from https://github.com/realm/SwiftLint\"\nexit 1\nfi\n";
		};
		BAC3D65C20C3D9540036FFDD /* ShellScript */ = {
			isa = PBXShellScriptBuildPhase;
			buildActionMask = 2147483647;
			files = (
			);
			inputPaths = (
				"$(SRCROOT)/Carthage/Build/iOS/SnapKit.framework",
			);
			outputPaths = (
				"$(BUILT_PRODUCTS_DIR)/$(FRAMEWORKS_FOLDER_PATH)/SnapKit.framework",
			);
			runOnlyForDeploymentPostprocessing = 0;
			shellPath = /bin/sh;
			shellScript = "/usr/local/bin/carthage copy-frameworks\n";
		};
/* End PBXShellScriptBuildPhase section */

/* Begin PBXSourcesBuildPhase section */
		BAD74BD620BC969C004F4DED /* Sources */ = {
			isa = PBXSourcesBuildPhase;
			buildActionMask = 2147483647;
			files = (
				9CF77D1F20CDA27100F9F335 /* Category+CoreDataProperties.swift in Sources */,
				9CF77D2020CDA27100F9F335 /* Category+CoreDataClass.swift in Sources */,
				BAD74BE620BC969C004F4DED /* Budgetee.xcdatamodeld in Sources */,
				9CF77D1120CD9F9800F9F335 /* CategoriesViewController.swift in Sources */,
				9CF77D0F20CD91D800F9F335 /* CoreDataController.swift in Sources */,
				BAD74BE020BC969C004F4DED /* MainViewController.swift in Sources */,
				BAD74BDE20BC969C004F4DED /* AppDelegate.swift in Sources */,
				9CF77D2120CDA27100F9F335 /* Spending+CoreDataClass.swift in Sources */,
				9CF77D1E20CDA27100F9F335 /* Spending+CoreDataProperties.swift in Sources */,
			);
			runOnlyForDeploymentPostprocessing = 0;
		};
		BAD74BED20BC969E004F4DED /* Sources */ = {
			isa = PBXSourcesBuildPhase;
			buildActionMask = 2147483647;
			files = (
				BAC3D65E20C3F9E60036FFDD /* BudgeteeTests.swift in Sources */,
			);
			runOnlyForDeploymentPostprocessing = 0;
		};
		BAD74BF820BC969E004F4DED /* Sources */ = {
			isa = PBXSourcesBuildPhase;
			buildActionMask = 2147483647;
			files = (
				BAC3D66020C3FB6C0036FFDD /* BudgeteeTests.swift in Sources */,
			);
			runOnlyForDeploymentPostprocessing = 0;
		};
/* End PBXSourcesBuildPhase section */

/* Begin PBXTargetDependency section */
		BAD74BF320BC969E004F4DED /* PBXTargetDependency */ = {
			isa = PBXTargetDependency;
			target = BAD74BD920BC969C004F4DED /* Budgetee */;
			targetProxy = BAD74BF220BC969E004F4DED /* PBXContainerItemProxy */;
		};
		BAD74BFE20BC969E004F4DED /* PBXTargetDependency */ = {
			isa = PBXTargetDependency;
			target = BAD74BD920BC969C004F4DED /* Budgetee */;
			targetProxy = BAD74BFD20BC969E004F4DED /* PBXContainerItemProxy */;
		};
/* End PBXTargetDependency section */

/* Begin PBXVariantGroup section */
		BAD74BE920BC969D004F4DED /* LaunchScreen.storyboard */ = {
			isa = PBXVariantGroup;
			children = (
				BAD74BEA20BC969D004F4DED /* Base */,
			);
			name = LaunchScreen.storyboard;
			sourceTree = "<group>";
		};
/* End PBXVariantGroup section */

/* Begin XCBuildConfiguration section */
		BAD74C0320BC969E004F4DED /* Debug */ = {
			isa = XCBuildConfiguration;
			buildSettings = {
				ALWAYS_SEARCH_USER_PATHS = NO;
				CLANG_ANALYZER_NONNULL = YES;
				CLANG_ANALYZER_NUMBER_OBJECT_CONVERSION = YES_AGGRESSIVE;
				CLANG_CXX_LANGUAGE_STANDARD = "gnu++14";
				CLANG_CXX_LIBRARY = "libc++";
				CLANG_ENABLE_MODULES = YES;
				CLANG_ENABLE_OBJC_ARC = YES;
				CLANG_ENABLE_OBJC_WEAK = YES;
				CLANG_WARN_BLOCK_CAPTURE_AUTORELEASING = YES;
				CLANG_WARN_BOOL_CONVERSION = YES;
				CLANG_WARN_COMMA = YES;
				CLANG_WARN_CONSTANT_CONVERSION = YES;
				CLANG_WARN_DEPRECATED_OBJC_IMPLEMENTATIONS = YES;
				CLANG_WARN_DIRECT_OBJC_ISA_USAGE = YES_ERROR;
				CLANG_WARN_DOCUMENTATION_COMMENTS = YES;
				CLANG_WARN_EMPTY_BODY = YES;
				CLANG_WARN_ENUM_CONVERSION = YES;
				CLANG_WARN_INFINITE_RECURSION = YES;
				CLANG_WARN_INT_CONVERSION = YES;
				CLANG_WARN_NON_LITERAL_NULL_CONVERSION = YES;
				CLANG_WARN_OBJC_IMPLICIT_RETAIN_SELF = YES;
				CLANG_WARN_OBJC_LITERAL_CONVERSION = YES;
				CLANG_WARN_OBJC_ROOT_CLASS = YES_ERROR;
				CLANG_WARN_RANGE_LOOP_ANALYSIS = YES;
				CLANG_WARN_STRICT_PROTOTYPES = YES;
				CLANG_WARN_SUSPICIOUS_MOVE = YES;
				CLANG_WARN_UNGUARDED_AVAILABILITY = YES_AGGRESSIVE;
				CLANG_WARN_UNREACHABLE_CODE = YES;
				CLANG_WARN__DUPLICATE_METHOD_MATCH = YES;
				CODE_SIGN_IDENTITY = "iPhone Developer";
				COPY_PHASE_STRIP = NO;
				DEBUG_INFORMATION_FORMAT = dwarf;
				ENABLE_STRICT_OBJC_MSGSEND = YES;
				ENABLE_TESTABILITY = YES;
				GCC_C_LANGUAGE_STANDARD = gnu11;
				GCC_DYNAMIC_NO_PIC = NO;
				GCC_NO_COMMON_BLOCKS = YES;
				GCC_OPTIMIZATION_LEVEL = 0;
				GCC_PREPROCESSOR_DEFINITIONS = (
					"DEBUG=1",
					"$(inherited)",
				);
				GCC_WARN_64_TO_32_BIT_CONVERSION = YES;
				GCC_WARN_ABOUT_RETURN_TYPE = YES_ERROR;
				GCC_WARN_UNDECLARED_SELECTOR = YES;
				GCC_WARN_UNINITIALIZED_AUTOS = YES_AGGRESSIVE;
				GCC_WARN_UNUSED_FUNCTION = YES;
				GCC_WARN_UNUSED_VARIABLE = YES;
				IPHONEOS_DEPLOYMENT_TARGET = 11.3;
				MTL_ENABLE_DEBUG_INFO = YES;
				ONLY_ACTIVE_ARCH = YES;
				SDKROOT = iphoneos;
				SWIFT_ACTIVE_COMPILATION_CONDITIONS = DEBUG;
				SWIFT_OPTIMIZATION_LEVEL = "-Onone";
			};
			name = Debug;
		};
		BAD74C0420BC969E004F4DED /* Release */ = {
			isa = XCBuildConfiguration;
			buildSettings = {
				ALWAYS_SEARCH_USER_PATHS = NO;
				CLANG_ANALYZER_NONNULL = YES;
				CLANG_ANALYZER_NUMBER_OBJECT_CONVERSION = YES_AGGRESSIVE;
				CLANG_CXX_LANGUAGE_STANDARD = "gnu++14";
				CLANG_CXX_LIBRARY = "libc++";
				CLANG_ENABLE_MODULES = YES;
				CLANG_ENABLE_OBJC_ARC = YES;
				CLANG_ENABLE_OBJC_WEAK = YES;
				CLANG_WARN_BLOCK_CAPTURE_AUTORELEASING = YES;
				CLANG_WARN_BOOL_CONVERSION = YES;
				CLANG_WARN_COMMA = YES;
				CLANG_WARN_CONSTANT_CONVERSION = YES;
				CLANG_WARN_DEPRECATED_OBJC_IMPLEMENTATIONS = YES;
				CLANG_WARN_DIRECT_OBJC_ISA_USAGE = YES_ERROR;
				CLANG_WARN_DOCUMENTATION_COMMENTS = YES;
				CLANG_WARN_EMPTY_BODY = YES;
				CLANG_WARN_ENUM_CONVERSION = YES;
				CLANG_WARN_INFINITE_RECURSION = YES;
				CLANG_WARN_INT_CONVERSION = YES;
				CLANG_WARN_NON_LITERAL_NULL_CONVERSION = YES;
				CLANG_WARN_OBJC_IMPLICIT_RETAIN_SELF = YES;
				CLANG_WARN_OBJC_LITERAL_CONVERSION = YES;
				CLANG_WARN_OBJC_ROOT_CLASS = YES_ERROR;
				CLANG_WARN_RANGE_LOOP_ANALYSIS = YES;
				CLANG_WARN_STRICT_PROTOTYPES = YES;
				CLANG_WARN_SUSPICIOUS_MOVE = YES;
				CLANG_WARN_UNGUARDED_AVAILABILITY = YES_AGGRESSIVE;
				CLANG_WARN_UNREACHABLE_CODE = YES;
				CLANG_WARN__DUPLICATE_METHOD_MATCH = YES;
				CODE_SIGN_IDENTITY = "iPhone Developer";
				COPY_PHASE_STRIP = NO;
				DEBUG_INFORMATION_FORMAT = "dwarf-with-dsym";
				ENABLE_NS_ASSERTIONS = NO;
				ENABLE_STRICT_OBJC_MSGSEND = YES;
				GCC_C_LANGUAGE_STANDARD = gnu11;
				GCC_NO_COMMON_BLOCKS = YES;
				GCC_WARN_64_TO_32_BIT_CONVERSION = YES;
				GCC_WARN_ABOUT_RETURN_TYPE = YES_ERROR;
				GCC_WARN_UNDECLARED_SELECTOR = YES;
				GCC_WARN_UNINITIALIZED_AUTOS = YES_AGGRESSIVE;
				GCC_WARN_UNUSED_FUNCTION = YES;
				GCC_WARN_UNUSED_VARIABLE = YES;
				IPHONEOS_DEPLOYMENT_TARGET = 11.3;
				MTL_ENABLE_DEBUG_INFO = NO;
				SDKROOT = iphoneos;
				SWIFT_COMPILATION_MODE = wholemodule;
				SWIFT_OPTIMIZATION_LEVEL = "-O";
				VALIDATE_PRODUCT = YES;
			};
			name = Release;
		};
		BAD74C0620BC969E004F4DED /* Debug */ = {
			isa = XCBuildConfiguration;
			buildSettings = {
				ASSETCATALOG_COMPILER_APPICON_NAME = AppIcon;
				CODE_SIGN_STYLE = Automatic;
				DEVELOPMENT_TEAM = 83W65ZB2H6;
				FRAMEWORK_SEARCH_PATHS = (
					"$(inherited)",
					"$(PROJECT_DIR)/Carthage/Build/iOS",
				);
				GCC_TREAT_WARNINGS_AS_ERRORS = YES;
				INFOPLIST_FILE = Budgetee/Info.plist;
				LD_RUNPATH_SEARCH_PATHS = (
					"$(inherited)",
					"@executable_path/Frameworks",
				);
				MOMC_NO_INVERSE_RELATIONSHIP_WARNINGS = YES;
				PRODUCT_BUNDLE_IDENTIFIER = MEK.Budgetee;
				PRODUCT_NAME = "$(TARGET_NAME)";
				SWIFT_TREAT_WARNINGS_AS_ERRORS = YES;
				SWIFT_VERSION = 4.2;
				TARGETED_DEVICE_FAMILY = "1,2";
			};
			name = Debug;
		};
		BAD74C0720BC969E004F4DED /* Release */ = {
			isa = XCBuildConfiguration;
			buildSettings = {
				ASSETCATALOG_COMPILER_APPICON_NAME = AppIcon;
				CODE_SIGN_STYLE = Automatic;
				DEVELOPMENT_TEAM = 83W65ZB2H6;
				FRAMEWORK_SEARCH_PATHS = (
					"$(inherited)",
					"$(PROJECT_DIR)/Carthage/Build/iOS",
				);
				GCC_TREAT_WARNINGS_AS_ERRORS = YES;
				INFOPLIST_FILE = Budgetee/Info.plist;
				LD_RUNPATH_SEARCH_PATHS = (
					"$(inherited)",
					"@executable_path/Frameworks",
				);
				MOMC_NO_INVERSE_RELATIONSHIP_WARNINGS = YES;
				PRODUCT_BUNDLE_IDENTIFIER = MEK.Budgetee;
				PRODUCT_NAME = "$(TARGET_NAME)";
				SWIFT_TREAT_WARNINGS_AS_ERRORS = YES;
				SWIFT_VERSION = 4.2;
				TARGETED_DEVICE_FAMILY = "1,2";
			};
			name = Release;
		};
		BAD74C0920BC969E004F4DED /* Debug */ = {
			isa = XCBuildConfiguration;
			buildSettings = {
				ALWAYS_EMBED_SWIFT_STANDARD_LIBRARIES = YES;
				BUNDLE_LOADER = "$(TEST_HOST)";
				CLANG_ENABLE_MODULES = YES;
				CODE_SIGN_STYLE = Automatic;
				DEVELOPMENT_TEAM = 83W65ZB2H6;
				INFOPLIST_FILE = BudgeteeTests/Info.plist;
				LD_RUNPATH_SEARCH_PATHS = (
					"$(inherited)",
					"@executable_path/Frameworks",
					"@loader_path/Frameworks",
				);
				PRODUCT_BUNDLE_IDENTIFIER = MEK.BudgeteeTests;
				PRODUCT_NAME = "$(TARGET_NAME)";
				SWIFT_OPTIMIZATION_LEVEL = "-Onone";
				SWIFT_VERSION = 4.2;
				TARGETED_DEVICE_FAMILY = "1,2";
				TEST_HOST = "$(BUILT_PRODUCTS_DIR)/Budgetee.app/Budgetee";
			};
			name = Debug;
		};
		BAD74C0A20BC969E004F4DED /* Release */ = {
			isa = XCBuildConfiguration;
			buildSettings = {
				ALWAYS_EMBED_SWIFT_STANDARD_LIBRARIES = YES;
				BUNDLE_LOADER = "$(TEST_HOST)";
				CLANG_ENABLE_MODULES = YES;
				CODE_SIGN_STYLE = Automatic;
				DEVELOPMENT_TEAM = 83W65ZB2H6;
				INFOPLIST_FILE = BudgeteeTests/Info.plist;
				LD_RUNPATH_SEARCH_PATHS = (
					"$(inherited)",
					"@executable_path/Frameworks",
					"@loader_path/Frameworks",
				);
				PRODUCT_BUNDLE_IDENTIFIER = MEK.BudgeteeTests;
				PRODUCT_NAME = "$(TARGET_NAME)";
				SWIFT_VERSION = 4.2;
				TARGETED_DEVICE_FAMILY = "1,2";
				TEST_HOST = "$(BUILT_PRODUCTS_DIR)/Budgetee.app/Budgetee";
			};
			name = Release;
		};
		BAD74C0C20BC969E004F4DED /* Debug */ = {
			isa = XCBuildConfiguration;
			buildSettings = {
				ALWAYS_EMBED_SWIFT_STANDARD_LIBRARIES = YES;
				CLANG_ENABLE_MODULES = YES;
				CODE_SIGN_STYLE = Automatic;
				DEVELOPMENT_TEAM = 83W65ZB2H6;
				INFOPLIST_FILE = BudgeteeUITests/Info.plist;
				LD_RUNPATH_SEARCH_PATHS = (
					"$(inherited)",
					"@executable_path/Frameworks",
					"@loader_path/Frameworks",
				);
				PRODUCT_BUNDLE_IDENTIFIER = MEK.BudgeteeUITests;
				PRODUCT_NAME = "$(TARGET_NAME)";
				SWIFT_OPTIMIZATION_LEVEL = "-Onone";
				SWIFT_VERSION = 4.2;
				TARGETED_DEVICE_FAMILY = "1,2";
				TEST_TARGET_NAME = Budgetee;
			};
			name = Debug;
		};
		BAD74C0D20BC969E004F4DED /* Release */ = {
			isa = XCBuildConfiguration;
			buildSettings = {
				ALWAYS_EMBED_SWIFT_STANDARD_LIBRARIES = YES;
				CLANG_ENABLE_MODULES = YES;
				CODE_SIGN_STYLE = Automatic;
				DEVELOPMENT_TEAM = 83W65ZB2H6;
				INFOPLIST_FILE = BudgeteeUITests/Info.plist;
				LD_RUNPATH_SEARCH_PATHS = (
					"$(inherited)",
					"@executable_path/Frameworks",
					"@loader_path/Frameworks",
				);
				PRODUCT_BUNDLE_IDENTIFIER = MEK.BudgeteeUITests;
				PRODUCT_NAME = "$(TARGET_NAME)";
				SWIFT_VERSION = 4.2;
				TARGETED_DEVICE_FAMILY = "1,2";
				TEST_TARGET_NAME = Budgetee;
			};
			name = Release;
		};
/* End XCBuildConfiguration section */

/* Begin XCConfigurationList section */
		BAD74BD520BC969C004F4DED /* Build configuration list for PBXProject "Budgetee" */ = {
			isa = XCConfigurationList;
			buildConfigurations = (
				BAD74C0320BC969E004F4DED /* Debug */,
				BAD74C0420BC969E004F4DED /* Release */,
			);
			defaultConfigurationIsVisible = 0;
			defaultConfigurationName = Release;
		};
		BAD74C0520BC969E004F4DED /* Build configuration list for PBXNativeTarget "Budgetee" */ = {
			isa = XCConfigurationList;
			buildConfigurations = (
				BAD74C0620BC969E004F4DED /* Debug */,
				BAD74C0720BC969E004F4DED /* Release */,
			);
			defaultConfigurationIsVisible = 0;
			defaultConfigurationName = Release;
		};
		BAD74C0820BC969E004F4DED /* Build configuration list for PBXNativeTarget "BudgeteeTests" */ = {
			isa = XCConfigurationList;
			buildConfigurations = (
				BAD74C0920BC969E004F4DED /* Debug */,
				BAD74C0A20BC969E004F4DED /* Release */,
			);
			defaultConfigurationIsVisible = 0;
			defaultConfigurationName = Release;
		};
		BAD74C0B20BC969E004F4DED /* Build configuration list for PBXNativeTarget "BudgeteeUITests" */ = {
			isa = XCConfigurationList;
			buildConfigurations = (
				BAD74C0C20BC969E004F4DED /* Debug */,
				BAD74C0D20BC969E004F4DED /* Release */,
			);
			defaultConfigurationIsVisible = 0;
			defaultConfigurationName = Release;
		};
/* End XCConfigurationList section */

/* Begin XCVersionGroup section */
		BAD74BE420BC969C004F4DED /* Budgetee.xcdatamodeld */ = {
			isa = XCVersionGroup;
			children = (
				BAD74BE520BC969C004F4DED /* Budgetee.xcdatamodel */,
			);
			currentVersion = BAD74BE520BC969C004F4DED /* Budgetee.xcdatamodel */;
			path = Budgetee.xcdatamodeld;
			sourceTree = "<group>";
			versionGroupType = wrapper.xcdatamodel;
		};
/* End XCVersionGroup section */
	};
	rootObject = BAD74BD220BC969C004F4DED /* Project object */;
}
